// !$*UTF8*$!
{
	archiveVersion = 1;
	classes = {
	};
	objectVersion = 46;
	objects = {

/* Begin PBXBuildFile section */
		1A67CF6A16505BA50031B6E2 /* bell-ringing.mp3 in Resources */ = {isa = PBXBuildFile; fileRef = 1A67CF6916505BA50031B6E2 /* bell-ringing.mp3 */; };
		1A69D06A163399B600EF576B /* Storyboard.storyboard in Resources */ = {isa = PBXBuildFile; fileRef = 1A69D069163399B600EF576B /* Storyboard.storyboard */; };
		1F4E1383165863EB0086A470 /* CoreAudio.framework in Frameworks */ = {isa = PBXBuildFile; fileRef = 1F4E1382165863EB0086A470 /* CoreAudio.framework */; };
		1F4E138D1658842A0086A470 /* bell-ringing.caf in Resources */ = {isa = PBXBuildFile; fileRef = 1F4E138A1658842A0086A470 /* bell-ringing.caf */; };
		1F4E138E1658842A0086A470 /* default-audio-alert.caf in Resources */ = {isa = PBXBuildFile; fileRef = 1F4E138B1658842A0086A470 /* default-audio-alert.caf */; };
		1F4E138F1658842A0086A470 /* saved-audio-alert.caf in Resources */ = {isa = PBXBuildFile; fileRef = 1F4E138C1658842A0086A470 /* saved-audio-alert.caf */; };
		1F61BDA61650515A00099AEC /* AlertSettingsViewController.m in Sources */ = {isa = PBXBuildFile; fileRef = 1F61BDA51650515A00099AEC /* AlertSettingsViewController.m */; };
		1F61BDA91650519900099AEC /* MessageSettingsViewController.m in Sources */ = {isa = PBXBuildFile; fileRef = 1F61BDA81650519900099AEC /* MessageSettingsViewController.m */; };
		1F61BDB01650A79900099AEC /* default-audio-alert.mp3 in Resources */ = {isa = PBXBuildFile; fileRef = 1F61BDAF1650A79900099AEC /* default-audio-alert.mp3 */; };
		1F61BDB21650A83A00099AEC /* saved-audio-alert.mp3 in Resources */ = {isa = PBXBuildFile; fileRef = 1F61BDB11650A83A00099AEC /* saved-audio-alert.mp3 */; };
		1F7DCE99164F3F5000441396 /* MedicalConditionsViewController.m in Sources */ = {isa = PBXBuildFile; fileRef = 1F7DCE98164F3F5000441396 /* MedicalConditionsViewController.m */; };
		1F80160416338AE000D89B08 /* AVFoundation.framework in Frameworks */ = {isa = PBXBuildFile; fileRef = 1F80160316338AE000D89B08 /* AVFoundation.framework */; };
		1FB9AE3E164EE0FB0084D2E6 /* PersonalInfoViewController.m in Sources */ = {isa = PBXBuildFile; fileRef = 1FB9AE3D164EE0FB0084D2E6 /* PersonalInfoViewController.m */; };
		1FCE2C0B16335EDD00605D7F /* AudioSettingsViewController.xib in Resources */ = {isa = PBXBuildFile; fileRef = 1FCE2C0A16335EDD00605D7F /* AudioSettingsViewController.xib */; };
		1FCE2C0F163366F100605D7F /* AudioSettingsViewController.m in Sources */ = {isa = PBXBuildFile; fileRef = 1FCE2C0E163366F100605D7F /* AudioSettingsViewController.m */; };
		1FCE51C8165830DA001DCF63 /* AudioToolbox.framework in Frameworks */ = {isa = PBXBuildFile; fileRef = 1FCE51C7165830DA001DCF63 /* AudioToolbox.framework */; };
		1FF8F501164F0B6600C76124 /* MedicalInfoViewController.m in Sources */ = {isa = PBXBuildFile; fileRef = 1FF8F500164F0B6600C76124 /* MedicalInfoViewController.m */; };
		1FF8F505164F117300C76124 /* TPKeyboardAvoidingScrollView.m in Sources */ = {isa = PBXBuildFile; fileRef = 1FF8F504164F117300C76124 /* TPKeyboardAvoidingScrollView.m */; };
		1FFB314C16597F2F002D22A1 /* recorded-audio-alert.caf in Resources */ = {isa = PBXBuildFile; fileRef = 1FFB314B16597F2F002D22A1 /* recorded-audio-alert.caf */; };
		2D27A3311634DBEC0098F6C9 /* DBConnection.m in Sources */ = {isa = PBXBuildFile; fileRef = 2D27A3301634DBEC0098F6C9 /* DBConnection.m */; };
		2D27A3381634EA4A0098F6C9 /* libsqlite3.dylib in Frameworks */ = {isa = PBXBuildFile; fileRef = 2D27A3371634EA4A0098F6C9 /* libsqlite3.dylib */; };
		2D757A3F162F6FC200104D8A /* UIKit.framework in Frameworks */ = {isa = PBXBuildFile; fileRef = 2D757A3E162F6FC200104D8A /* UIKit.framework */; };
		2D757A41162F6FC200104D8A /* Foundation.framework in Frameworks */ = {isa = PBXBuildFile; fileRef = 2D757A40162F6FC200104D8A /* Foundation.framework */; };
		2D757A43162F6FC200104D8A /* CoreGraphics.framework in Frameworks */ = {isa = PBXBuildFile; fileRef = 2D757A42162F6FC200104D8A /* CoreGraphics.framework */; };
		2D757A49162F6FC200104D8A /* InfoPlist.strings in Resources */ = {isa = PBXBuildFile; fileRef = 2D757A47162F6FC200104D8A /* InfoPlist.strings */; };
		2D757A4B162F6FC200104D8A /* main.m in Sources */ = {isa = PBXBuildFile; fileRef = 2D757A4A162F6FC200104D8A /* main.m */; };
		2D757A4F162F6FC200104D8A /* AppDelegate.m in Sources */ = {isa = PBXBuildFile; fileRef = 2D757A4E162F6FC200104D8A /* AppDelegate.m */; };
		2D757A52162F6FC200104D8A /* MainMenuViewController.m in Sources */ = {isa = PBXBuildFile; fileRef = 2D757A51162F6FC200104D8A /* MainMenuViewController.m */; };
		2D757A56162F6FC200104D8A /* first@2x.png in Resources */ = {isa = PBXBuildFile; fileRef = 2D757A55162F6FC200104D8A /* first@2x.png */; };
		2D757A5D162F6FC200104D8A /* second@2x.png in Resources */ = {isa = PBXBuildFile; fileRef = 2D757A5C162F6FC200104D8A /* second@2x.png */; };
		2D757A6B162F6FC300104D8A /* SenTestingKit.framework in Frameworks */ = {isa = PBXBuildFile; fileRef = 2D757A6A162F6FC300104D8A /* SenTestingKit.framework */; };
		2D757A6C162F6FC300104D8A /* UIKit.framework in Frameworks */ = {isa = PBXBuildFile; fileRef = 2D757A3E162F6FC200104D8A /* UIKit.framework */; };
		2D757A6D162F6FC300104D8A /* Foundation.framework in Frameworks */ = {isa = PBXBuildFile; fileRef = 2D757A40162F6FC200104D8A /* Foundation.framework */; };
		2D757A75162F6FC300104D8A /* InfoPlist.strings in Resources */ = {isa = PBXBuildFile; fileRef = 2D757A73162F6FC300104D8A /* InfoPlist.strings */; };
		2D757A78162F6FC300104D8A /* CatchMeTests.m in Sources */ = {isa = PBXBuildFile; fileRef = 2D757A77162F6FC300104D8A /* CatchMeTests.m */; };
		2D8609F51658678B0040A9DA /* FallDetector.m in Sources */ = {isa = PBXBuildFile; fileRef = 2D8609F41658678B0040A9DA /* FallDetector.m */; };
		2D8E43551634A5B300D008B2 /* ContactsViewController.xib in Resources */ = {isa = PBXBuildFile; fileRef = 2D8E43541634A5B300D008B2 /* ContactsViewController.xib */; };
		2D8E43591634A61A00D008B2 /* ContactsViewController.m in Sources */ = {isa = PBXBuildFile; fileRef = 2D8E43581634A61A00D008B2 /* ContactsViewController.m */; };
		2DFD4B3716337EA100396892 /* SettingsViewController.m in Sources */ = {isa = PBXBuildFile; fileRef = 2DFD4B3616337EA100396892 /* SettingsViewController.m */; };
		322775BC1633771B0021833A /* CoreMotion.framework in Frameworks */ = {isa = PBXBuildFile; fileRef = 322775BB1633771B0021833A /* CoreMotion.framework */; };
		3288663A165983520029696D /* ContactsListViewController.m in Sources */ = {isa = PBXBuildFile; fileRef = 32886639165983520029696D /* ContactsListViewController.m */; };
		3288663E165984440029696D /* Contact.m in Sources */ = {isa = PBXBuildFile; fileRef = 3288663D165984440029696D /* Contact.m */; };
		32886641165985D20029696D /* ContactsDataController.m in Sources */ = {isa = PBXBuildFile; fileRef = 32886640165985D20029696D /* ContactsDataController.m */; };
		32D842E5164F0AA400874021 /* CoreLocation.framework in Frameworks */ = {isa = PBXBuildFile; fileRef = 32D842E4164F0AA400874021 /* CoreLocation.framework */; };
		32E96555164F5C1C005921FF /* image copy.png in Resources */ = {isa = PBXBuildFile; fileRef = 32E96554164F5C1C005921FF /* image copy.png */; };
		32E96557164F5C1F005921FF /* image.png in Resources */ = {isa = PBXBuildFile; fileRef = 32E96556164F5C1F005921FF /* image.png */; };
		32E96564164F6745005921FF /* second.png in Resources */ = {isa = PBXBuildFile; fileRef = 32E96563164F6745005921FF /* second.png */; };
		32E9656A164F6DCD005921FF /* first.png in Resources */ = {isa = PBXBuildFile; fileRef = 32E96569164F6DCD005921FF /* first.png */; };
		E110067D1635051D00FF6158 /* Default-568h@2x.png in Resources */ = {isa = PBXBuildFile; fileRef = E110067C1635051D00FF6158 /* Default-568h@2x.png */; };
		EAB060381634980100CFD930 /* SettingsViewController.xib in Resources */ = {isa = PBXBuildFile; fileRef = EAB060371634980100CFD930 /* SettingsViewController.xib */; };
		EAB0603B1634981300CFD930 /* MainMenuViewController.xib in Resources */ = {isa = PBXBuildFile; fileRef = EAB0603A1634981300CFD930 /* MainMenuViewController.xib */; };
/* End PBXBuildFile section */

/* Begin PBXContainerItemProxy section */
		2D757A6E162F6FC300104D8A /* PBXContainerItemProxy */ = {
			isa = PBXContainerItemProxy;
			containerPortal = 2D757A31162F6FC200104D8A /* Project object */;
			proxyType = 1;
			remoteGlobalIDString = 2D757A39162F6FC200104D8A;
			remoteInfo = CatchMe;
		};
/* End PBXContainerItemProxy section */

/* Begin PBXFileReference section */
		1A67CF6916505BA50031B6E2 /* bell-ringing.mp3 */ = {isa = PBXFileReference; lastKnownFileType = audio.mp3; path = "bell-ringing.mp3"; sourceTree = "<group>"; };
		1A69D069163399B600EF576B /* Storyboard.storyboard */ = {isa = PBXFileReference; fileEncoding = 4; lastKnownFileType = file.storyboard; path = Storyboard.storyboard; sourceTree = "<group>"; };
		1F4E1382165863EB0086A470 /* CoreAudio.framework */ = {isa = PBXFileReference; lastKnownFileType = wrapper.framework; name = CoreAudio.framework; path = System/Library/Frameworks/CoreAudio.framework; sourceTree = SDKROOT; };
		1F4E138A1658842A0086A470 /* bell-ringing.caf */ = {isa = PBXFileReference; lastKnownFileType = file; path = "bell-ringing.caf"; sourceTree = "<group>"; };
		1F4E138B1658842A0086A470 /* default-audio-alert.caf */ = {isa = PBXFileReference; lastKnownFileType = file; path = "default-audio-alert.caf"; sourceTree = "<group>"; };
		1F4E138C1658842A0086A470 /* saved-audio-alert.caf */ = {isa = PBXFileReference; lastKnownFileType = file; path = "saved-audio-alert.caf"; sourceTree = "<group>"; };
		1F61BDA41650515A00099AEC /* AlertSettingsViewController.h */ = {isa = PBXFileReference; fileEncoding = 4; lastKnownFileType = sourcecode.c.h; path = AlertSettingsViewController.h; sourceTree = "<group>"; };
		1F61BDA51650515A00099AEC /* AlertSettingsViewController.m */ = {isa = PBXFileReference; fileEncoding = 4; lastKnownFileType = sourcecode.c.objc; path = AlertSettingsViewController.m; sourceTree = "<group>"; };
		1F61BDA71650519900099AEC /* MessageSettingsViewController.h */ = {isa = PBXFileReference; fileEncoding = 4; lastKnownFileType = sourcecode.c.h; path = MessageSettingsViewController.h; sourceTree = "<group>"; };
		1F61BDA81650519900099AEC /* MessageSettingsViewController.m */ = {isa = PBXFileReference; fileEncoding = 4; lastKnownFileType = sourcecode.c.objc; path = MessageSettingsViewController.m; sourceTree = "<group>"; };
		1F61BDAF1650A79900099AEC /* default-audio-alert.mp3 */ = {isa = PBXFileReference; lastKnownFileType = audio.mp3; path = "default-audio-alert.mp3"; sourceTree = "<group>"; };
		1F61BDB11650A83A00099AEC /* saved-audio-alert.mp3 */ = {isa = PBXFileReference; lastKnownFileType = audio.mp3; path = "saved-audio-alert.mp3"; sourceTree = "<group>"; };
		1F7DCE97164F3F5000441396 /* MedicalConditionsViewController.h */ = {isa = PBXFileReference; fileEncoding = 4; lastKnownFileType = sourcecode.c.h; path = MedicalConditionsViewController.h; sourceTree = "<group>"; };
		1F7DCE98164F3F5000441396 /* MedicalConditionsViewController.m */ = {isa = PBXFileReference; fileEncoding = 4; lastKnownFileType = sourcecode.c.objc; path = MedicalConditionsViewController.m; sourceTree = "<group>"; };
		1F80160316338AE000D89B08 /* AVFoundation.framework */ = {isa = PBXFileReference; lastKnownFileType = wrapper.framework; name = AVFoundation.framework; path = System/Library/Frameworks/AVFoundation.framework; sourceTree = SDKROOT; };
		1FB9AE3C164EE0FB0084D2E6 /* PersonalInfoViewController.h */ = {isa = PBXFileReference; fileEncoding = 4; lastKnownFileType = sourcecode.c.h; path = PersonalInfoViewController.h; sourceTree = "<group>"; };
		1FB9AE3D164EE0FB0084D2E6 /* PersonalInfoViewController.m */ = {isa = PBXFileReference; fileEncoding = 4; lastKnownFileType = sourcecode.c.objc; path = PersonalInfoViewController.m; sourceTree = "<group>"; };
		1FCE2C0A16335EDD00605D7F /* AudioSettingsViewController.xib */ = {isa = PBXFileReference; fileEncoding = 4; lastKnownFileType = file.xib; path = AudioSettingsViewController.xib; sourceTree = "<group>"; };
		1FCE2C0D163366F100605D7F /* AudioSettingsViewController.h */ = {isa = PBXFileReference; fileEncoding = 4; lastKnownFileType = sourcecode.c.h; path = AudioSettingsViewController.h; sourceTree = "<group>"; };
		1FCE2C0E163366F100605D7F /* AudioSettingsViewController.m */ = {isa = PBXFileReference; fileEncoding = 4; lastKnownFileType = sourcecode.c.objc; path = AudioSettingsViewController.m; sourceTree = "<group>"; };
		1FCE51C7165830DA001DCF63 /* AudioToolbox.framework */ = {isa = PBXFileReference; lastKnownFileType = wrapper.framework; name = AudioToolbox.framework; path = System/Library/Frameworks/AudioToolbox.framework; sourceTree = SDKROOT; };
		1FF8F4FF164F0B6600C76124 /* MedicalInfoViewController.h */ = {isa = PBXFileReference; fileEncoding = 4; lastKnownFileType = sourcecode.c.h; path = MedicalInfoViewController.h; sourceTree = "<group>"; };
		1FF8F500164F0B6600C76124 /* MedicalInfoViewController.m */ = {isa = PBXFileReference; fileEncoding = 4; lastKnownFileType = sourcecode.c.objc; path = MedicalInfoViewController.m; sourceTree = "<group>"; };
		1FF8F503164F117300C76124 /* TPKeyboardAvoidingScrollView.h */ = {isa = PBXFileReference; fileEncoding = 4; lastKnownFileType = sourcecode.c.h; path = TPKeyboardAvoidingScrollView.h; sourceTree = "<group>"; };
		1FF8F504164F117300C76124 /* TPKeyboardAvoidingScrollView.m */ = {isa = PBXFileReference; fileEncoding = 4; lastKnownFileType = sourcecode.c.objc; path = TPKeyboardAvoidingScrollView.m; sourceTree = "<group>"; };
		1FFB314B16597F2F002D22A1 /* recorded-audio-alert.caf */ = {isa = PBXFileReference; lastKnownFileType = file; path = "recorded-audio-alert.caf"; sourceTree = "<group>"; };
		2D27A32F1634DBEC0098F6C9 /* DBConnection.h */ = {isa = PBXFileReference; fileEncoding = 4; lastKnownFileType = sourcecode.c.h; path = DBConnection.h; sourceTree = "<group>"; };
		2D27A3301634DBEC0098F6C9 /* DBConnection.m */ = {isa = PBXFileReference; fileEncoding = 4; lastKnownFileType = sourcecode.c.objc; path = DBConnection.m; sourceTree = "<group>"; };
		2D27A3371634EA4A0098F6C9 /* libsqlite3.dylib */ = {isa = PBXFileReference; lastKnownFileType = "compiled.mach-o.dylib"; name = libsqlite3.dylib; path = usr/lib/libsqlite3.dylib; sourceTree = SDKROOT; };
		2D757A3A162F6FC200104D8A /* CatchMe.app */ = {isa = PBXFileReference; explicitFileType = wrapper.application; includeInIndex = 0; path = CatchMe.app; sourceTree = BUILT_PRODUCTS_DIR; };
		2D757A3E162F6FC200104D8A /* UIKit.framework */ = {isa = PBXFileReference; lastKnownFileType = wrapper.framework; name = UIKit.framework; path = System/Library/Frameworks/UIKit.framework; sourceTree = SDKROOT; };
		2D757A40162F6FC200104D8A /* Foundation.framework */ = {isa = PBXFileReference; lastKnownFileType = wrapper.framework; name = Foundation.framework; path = System/Library/Frameworks/Foundation.framework; sourceTree = SDKROOT; };
		2D757A42162F6FC200104D8A /* CoreGraphics.framework */ = {isa = PBXFileReference; lastKnownFileType = wrapper.framework; name = CoreGraphics.framework; path = System/Library/Frameworks/CoreGraphics.framework; sourceTree = SDKROOT; };
		2D757A46162F6FC200104D8A /* CatchMe-Info.plist */ = {isa = PBXFileReference; lastKnownFileType = text.plist.xml; path = "CatchMe-Info.plist"; sourceTree = "<group>"; };
		2D757A48162F6FC200104D8A /* en */ = {isa = PBXFileReference; lastKnownFileType = text.plist.strings; name = en; path = en.lproj/InfoPlist.strings; sourceTree = "<group>"; };
		2D757A4A162F6FC200104D8A /* main.m */ = {isa = PBXFileReference; lastKnownFileType = sourcecode.c.objc; path = main.m; sourceTree = "<group>"; };
		2D757A4C162F6FC200104D8A /* CatchMe-Prefix.pch */ = {isa = PBXFileReference; lastKnownFileType = sourcecode.c.h; path = "CatchMe-Prefix.pch"; sourceTree = "<group>"; };
		2D757A4D162F6FC200104D8A /* AppDelegate.h */ = {isa = PBXFileReference; lastKnownFileType = sourcecode.c.h; path = AppDelegate.h; sourceTree = "<group>"; };
		2D757A4E162F6FC200104D8A /* AppDelegate.m */ = {isa = PBXFileReference; lastKnownFileType = sourcecode.c.objc; path = AppDelegate.m; sourceTree = "<group>"; };
		2D757A50162F6FC200104D8A /* MainMenuViewController.h */ = {isa = PBXFileReference; lastKnownFileType = sourcecode.c.h; path = MainMenuViewController.h; sourceTree = "<group>"; };
		2D757A51162F6FC200104D8A /* MainMenuViewController.m */ = {isa = PBXFileReference; lastKnownFileType = sourcecode.c.objc; path = MainMenuViewController.m; sourceTree = "<group>"; };
		2D757A55162F6FC200104D8A /* first@2x.png */ = {isa = PBXFileReference; lastKnownFileType = image.png; name = "first@2x.png"; path = "CatchMe/first@2x.png"; sourceTree = "<group>"; };
		2D757A5C162F6FC200104D8A /* second@2x.png */ = {isa = PBXFileReference; lastKnownFileType = image.png; name = "second@2x.png"; path = "CatchMe/second@2x.png"; sourceTree = "<group>"; };
		2D757A69162F6FC300104D8A /* CatchMeTests.octest */ = {isa = PBXFileReference; explicitFileType = wrapper.cfbundle; includeInIndex = 0; path = CatchMeTests.octest; sourceTree = BUILT_PRODUCTS_DIR; };
		2D757A6A162F6FC300104D8A /* SenTestingKit.framework */ = {isa = PBXFileReference; lastKnownFileType = wrapper.framework; name = SenTestingKit.framework; path = Library/Frameworks/SenTestingKit.framework; sourceTree = DEVELOPER_DIR; };
		2D757A72162F6FC300104D8A /* CatchMeTests-Info.plist */ = {isa = PBXFileReference; lastKnownFileType = text.plist.xml; path = "CatchMeTests-Info.plist"; sourceTree = "<group>"; };
		2D757A74162F6FC300104D8A /* en */ = {isa = PBXFileReference; lastKnownFileType = text.plist.strings; name = en; path = en.lproj/InfoPlist.strings; sourceTree = "<group>"; };
		2D757A76162F6FC300104D8A /* CatchMeTests.h */ = {isa = PBXFileReference; lastKnownFileType = sourcecode.c.h; path = CatchMeTests.h; sourceTree = "<group>"; };
		2D757A77162F6FC300104D8A /* CatchMeTests.m */ = {isa = PBXFileReference; lastKnownFileType = sourcecode.c.objc; path = CatchMeTests.m; sourceTree = "<group>"; };
		2D8609F31658678B0040A9DA /* FallDetector.h */ = {isa = PBXFileReference; fileEncoding = 4; lastKnownFileType = sourcecode.c.h; path = FallDetector.h; sourceTree = "<group>"; };
		2D8609F41658678B0040A9DA /* FallDetector.m */ = {isa = PBXFileReference; fileEncoding = 4; lastKnownFileType = sourcecode.c.objc; path = FallDetector.m; sourceTree = "<group>"; };
		2D8E43541634A5B300D008B2 /* ContactsViewController.xib */ = {isa = PBXFileReference; fileEncoding = 4; lastKnownFileType = file.xib; path = ContactsViewController.xib; sourceTree = "<group>"; };
		2D8E43571634A61A00D008B2 /* ContactsViewController.h */ = {isa = PBXFileReference; fileEncoding = 4; lastKnownFileType = sourcecode.c.h; path = ContactsViewController.h; sourceTree = "<group>"; };
		2D8E43581634A61A00D008B2 /* ContactsViewController.m */ = {isa = PBXFileReference; fileEncoding = 4; lastKnownFileType = sourcecode.c.objc; path = ContactsViewController.m; sourceTree = "<group>"; };
		2DFD4B3416337E9700396892 /* SettingsViewController.h */ = {isa = PBXFileReference; fileEncoding = 4; lastKnownFileType = sourcecode.c.h; path = SettingsViewController.h; sourceTree = "<group>"; };
		2DFD4B3616337EA100396892 /* SettingsViewController.m */ = {isa = PBXFileReference; fileEncoding = 4; lastKnownFileType = sourcecode.c.objc; path = SettingsViewController.m; sourceTree = "<group>"; };
		322775BB1633771B0021833A /* CoreMotion.framework */ = {isa = PBXFileReference; lastKnownFileType = wrapper.framework; name = CoreMotion.framework; path = System/Library/Frameworks/CoreMotion.framework; sourceTree = SDKROOT; };
		32886638165983520029696D /* ContactsListViewController.h */ = {isa = PBXFileReference; fileEncoding = 4; lastKnownFileType = sourcecode.c.h; path = ContactsListViewController.h; sourceTree = "<group>"; };
		32886639165983520029696D /* ContactsListViewController.m */ = {isa = PBXFileReference; fileEncoding = 4; lastKnownFileType = sourcecode.c.objc; path = ContactsListViewController.m; sourceTree = "<group>"; };
		3288663C165984440029696D /* Contact.h */ = {isa = PBXFileReference; fileEncoding = 4; lastKnownFileType = sourcecode.c.h; path = Contact.h; sourceTree = "<group>"; };
		3288663D165984440029696D /* Contact.m */ = {isa = PBXFileReference; fileEncoding = 4; lastKnownFileType = sourcecode.c.objc; path = Contact.m; sourceTree = "<group>"; };
		3288663F165985D20029696D /* ContactsDataController.h */ = {isa = PBXFileReference; fileEncoding = 4; lastKnownFileType = sourcecode.c.h; path = ContactsDataController.h; sourceTree = "<group>"; };
		32886640165985D20029696D /* ContactsDataController.m */ = {isa = PBXFileReference; fileEncoding = 4; lastKnownFileType = sourcecode.c.objc; path = ContactsDataController.m; sourceTree = "<group>"; };
		32D842E4164F0AA400874021 /* CoreLocation.framework */ = {isa = PBXFileReference; lastKnownFileType = wrapper.framework; name = CoreLocation.framework; path = System/Library/Frameworks/CoreLocation.framework; sourceTree = SDKROOT; };
		32E96554164F5C1C005921FF /* image copy.png */ = {isa = PBXFileReference; lastKnownFileType = image.png; path = "image copy.png"; sourceTree = "<group>"; };
		32E96556164F5C1F005921FF /* image.png */ = {isa = PBXFileReference; lastKnownFileType = image.png; path = image.png; sourceTree = "<group>"; };
		32E96563164F6745005921FF /* second.png */ = {isa = PBXFileReference; lastKnownFileType = image.png; name = second.png; path = CatchMe/second.png; sourceTree = "<group>"; };
		32E96569164F6DCD005921FF /* first.png */ = {isa = PBXFileReference; lastKnownFileType = image.png; name = first.png; path = CatchMe/first.png; sourceTree = "<group>"; };
		E110067C1635051D00FF6158 /* Default-568h@2x.png */ = {isa = PBXFileReference; lastKnownFileType = image.png; path = "Default-568h@2x.png"; sourceTree = "<group>"; };
		EAB060371634980100CFD930 /* SettingsViewController.xib */ = {isa = PBXFileReference; fileEncoding = 4; lastKnownFileType = file.xib; path = SettingsViewController.xib; sourceTree = "<group>"; };
		EAB0603A1634981300CFD930 /* MainMenuViewController.xib */ = {isa = PBXFileReference; fileEncoding = 4; lastKnownFileType = file.xib; path = MainMenuViewController.xib; sourceTree = "<group>"; };
		EACAFAEB164F5F0F0041F3CA /* AVFoundation.framework */ = {isa = PBXFileReference; lastKnownFileType = wrapper.framework; name = AVFoundation.framework; path = System/Library/Frameworks/AVFoundation.framework; sourceTree = SDKROOT; };
/* End PBXFileReference section */

/* Begin PBXFrameworksBuildPhase section */
		2D757A37162F6FC200104D8A /* Frameworks */ = {
			isa = PBXFrameworksBuildPhase;
			buildActionMask = 2147483647;
			files = (
				1F4E1383165863EB0086A470 /* CoreAudio.framework in Frameworks */,
				1FCE51C8165830DA001DCF63 /* AudioToolbox.framework in Frameworks */,
				1F80160416338AE000D89B08 /* AVFoundation.framework in Frameworks */,
				2D27A3381634EA4A0098F6C9 /* libsqlite3.dylib in Frameworks */,
				2D757A3F162F6FC200104D8A /* UIKit.framework in Frameworks */,
				2D757A41162F6FC200104D8A /* Foundation.framework in Frameworks */,
				2D757A43162F6FC200104D8A /* CoreGraphics.framework in Frameworks */,
				322775BC1633771B0021833A /* CoreMotion.framework in Frameworks */,
				32D842E5164F0AA400874021 /* CoreLocation.framework in Frameworks */,
			);
			runOnlyForDeploymentPostprocessing = 0;
		};
		2D757A65162F6FC300104D8A /* Frameworks */ = {
			isa = PBXFrameworksBuildPhase;
			buildActionMask = 2147483647;
			files = (
				2D757A6B162F6FC300104D8A /* SenTestingKit.framework in Frameworks */,
				2D757A6C162F6FC300104D8A /* UIKit.framework in Frameworks */,
				2D757A6D162F6FC300104D8A /* Foundation.framework in Frameworks */,
			);
			runOnlyForDeploymentPostprocessing = 0;
		};
/* End PBXFrameworksBuildPhase section */

/* Begin PBXGroup section */
		1A67CF6B16505F920031B6E2 /* Sounds */ = {
			isa = PBXGroup;
			children = (
				1FFB314B16597F2F002D22A1 /* recorded-audio-alert.caf */,
				1F4E138A1658842A0086A470 /* bell-ringing.caf */,
				1F4E138B1658842A0086A470 /* default-audio-alert.caf */,
				1F4E138C1658842A0086A470 /* saved-audio-alert.caf */,
				1F61BDB11650A83A00099AEC /* saved-audio-alert.mp3 */,
				1F61BDAF1650A79900099AEC /* default-audio-alert.mp3 */,
				1A67CF6916505BA50031B6E2 /* bell-ringing.mp3 */,
			);
			name = Sounds;
			sourceTree = "<group>";
		};
		1F1E2E571645C07800DE81BA /* GUI Files */ = {
			isa = PBXGroup;
			children = (
				1A69D069163399B600EF576B /* Storyboard.storyboard */,
				1F8FAE75164F69EE00377B22 /* old files not in use */,
			);
			name = "GUI Files";
			sourceTree = "<group>";
		};
		1F8FAE75164F69EE00377B22 /* old files not in use */ = {
			isa = PBXGroup;
			children = (
				1FCE2C0A16335EDD00605D7F /* AudioSettingsViewController.xib */,
				2D8E43541634A5B300D008B2 /* ContactsViewController.xib */,
				EAB0603A1634981300CFD930 /* MainMenuViewController.xib */,
				EAB060371634980100CFD930 /* SettingsViewController.xib */,
			);
			name = "old files not in use";
			sourceTree = "<group>";
		};
		2D757A2F162F6FC200104D8A = {
			isa = PBXGroup;
			children = (
				2D757A44162F6FC200104D8A /* CatchMe */,
				2D757A70162F6FC300104D8A /* CatchMeTests */,
				1A67CF6B16505F920031B6E2 /* Sounds */,
				2D757A3D162F6FC200104D8A /* Frameworks */,
				2D757A3B162F6FC200104D8A /* Products */,
				32E96569164F6DCD005921FF /* first.png */,
				E110067C1635051D00FF6158 /* Default-568h@2x.png */,
				2D757A55162F6FC200104D8A /* first@2x.png */,
				32E96554164F5C1C005921FF /* image copy.png */,
				32E96556164F5C1F005921FF /* image.png */,
				2D27A3371634EA4A0098F6C9 /* libsqlite3.dylib */,
				32E96563164F6745005921FF /* second.png */,
				2D757A5C162F6FC200104D8A /* second@2x.png */,
				E110067C1635051D00FF6158 /* Default-568h@2x.png */,
			);
			sourceTree = "<group>";
		};
		2D757A3B162F6FC200104D8A /* Products */ = {
			isa = PBXGroup;
			children = (
				2D757A3A162F6FC200104D8A /* CatchMe.app */,
				2D757A69162F6FC300104D8A /* CatchMeTests.octest */,
			);
			name = Products;
			sourceTree = "<group>";
		};
		2D757A3D162F6FC200104D8A /* Frameworks */ = {
			isa = PBXGroup;
			children = (
				1F4E1382165863EB0086A470 /* CoreAudio.framework */,
				1FCE51C7165830DA001DCF63 /* AudioToolbox.framework */,
				EACAFAEB164F5F0F0041F3CA /* AVFoundation.framework */,
				32D842E4164F0AA400874021 /* CoreLocation.framework */,
				1F80160316338AE000D89B08 /* AVFoundation.framework */,
				322775BB1633771B0021833A /* CoreMotion.framework */,
				2D757A3E162F6FC200104D8A /* UIKit.framework */,
				2D757A40162F6FC200104D8A /* Foundation.framework */,
				2D757A42162F6FC200104D8A /* CoreGraphics.framework */,
				2D757A6A162F6FC300104D8A /* SenTestingKit.framework */,
			);
			name = Frameworks;
			sourceTree = "<group>";
		};
		2D757A44162F6FC200104D8A /* CatchMe */ = {
			isa = PBXGroup;
			children = (
				2D8609F31658678B0040A9DA /* FallDetector.h */,
				2D8609F41658678B0040A9DA /* FallDetector.m */,
				2D757A4D162F6FC200104D8A /* AppDelegate.h */,
				2D757A4E162F6FC200104D8A /* AppDelegate.m */,
				1FCE2C0D163366F100605D7F /* AudioSettingsViewController.h */,
				1FCE2C0E163366F100605D7F /* AudioSettingsViewController.m */,
				3288663C165984440029696D /* Contact.h */,
				3288663D165984440029696D /* Contact.m */,
				3288663F165985D20029696D /* ContactsDataController.h */,
				32886640165985D20029696D /* ContactsDataController.m */,
				2D8E43571634A61A00D008B2 /* ContactsViewController.h */,
				2D8E43581634A61A00D008B2 /* ContactsViewController.m */,
				32886638165983520029696D /* ContactsListViewController.h */,
				32886639165983520029696D /* ContactsListViewController.m */,
				2D27A32F1634DBEC0098F6C9 /* DBConnection.h */,
				2D27A3301634DBEC0098F6C9 /* DBConnection.m */,
				2D757A51162F6FC200104D8A /* MainMenuViewController.m */,
				2D757A50162F6FC200104D8A /* MainMenuViewController.h */,
				1F7DCE97164F3F5000441396 /* MedicalConditionsViewController.h */,
				1F61BDA71650519900099AEC /* MessageSettingsViewController.h */,
				1F61BDA81650519900099AEC /* MessageSettingsViewController.m */,
				1F7DCE98164F3F5000441396 /* MedicalConditionsViewController.m */,
				1FF8F4FF164F0B6600C76124 /* MedicalInfoViewController.h */,
				1FF8F500164F0B6600C76124 /* MedicalInfoViewController.m */,
				1FB9AE3C164EE0FB0084D2E6 /* PersonalInfoViewController.h */,
				1FB9AE3D164EE0FB0084D2E6 /* PersonalInfoViewController.m */,
				1F61BDA41650515A00099AEC /* AlertSettingsViewController.h */,
				1F61BDA51650515A00099AEC /* AlertSettingsViewController.m */,
				2DFD4B3416337E9700396892 /* SettingsViewController.h */,
				2DFD4B3616337EA100396892 /* SettingsViewController.m */,
				1FF8F503164F117300C76124 /* TPKeyboardAvoidingScrollView.h */,
				1FF8F504164F117300C76124 /* TPKeyboardAvoidingScrollView.m */,
				1F1E2E571645C07800DE81BA /* GUI Files */,
				2D757A45162F6FC200104D8A /* Supporting Files */,
			);
			path = CatchMe;
			sourceTree = "<group>";
		};
		2D757A45162F6FC200104D8A /* Supporting Files */ = {
			isa = PBXGroup;
			children = (
				2D757A46162F6FC200104D8A /* CatchMe-Info.plist */,
				2D757A47162F6FC200104D8A /* InfoPlist.strings */,
				2D757A4A162F6FC200104D8A /* main.m */,
				2D757A4C162F6FC200104D8A /* CatchMe-Prefix.pch */,
			);
			name = "Supporting Files";
			sourceTree = "<group>";
		};
		2D757A70162F6FC300104D8A /* CatchMeTests */ = {
			isa = PBXGroup;
			children = (
				2D757A76162F6FC300104D8A /* CatchMeTests.h */,
				2D757A77162F6FC300104D8A /* CatchMeTests.m */,
				2D757A71162F6FC300104D8A /* Supporting Files */,
			);
			path = CatchMeTests;
			sourceTree = "<group>";
		};
		2D757A71162F6FC300104D8A /* Supporting Files */ = {
			isa = PBXGroup;
			children = (
				2D757A72162F6FC300104D8A /* CatchMeTests-Info.plist */,
				2D757A73162F6FC300104D8A /* InfoPlist.strings */,
			);
			name = "Supporting Files";
			sourceTree = "<group>";
		};
/* End PBXGroup section */

/* Begin PBXNativeTarget section */
		2D757A39162F6FC200104D8A /* CatchMe */ = {
			isa = PBXNativeTarget;
			buildConfigurationList = 2D757A7B162F6FC300104D8A /* Build configuration list for PBXNativeTarget "CatchMe" */;
			buildPhases = (
				2D757A36162F6FC200104D8A /* Sources */,
				2D757A37162F6FC200104D8A /* Frameworks */,
				2D757A38162F6FC200104D8A /* Resources */,
			);
			buildRules = (
			);
			dependencies = (
			);
			name = CatchMe;
			productName = CatchMe;
			productReference = 2D757A3A162F6FC200104D8A /* CatchMe.app */;
			productType = "com.apple.product-type.application";
		};
		2D757A68162F6FC300104D8A /* CatchMeTests */ = {
			isa = PBXNativeTarget;
			buildConfigurationList = 2D757A7E162F6FC300104D8A /* Build configuration list for PBXNativeTarget "CatchMeTests" */;
			buildPhases = (
				2D757A64162F6FC300104D8A /* Sources */,
				2D757A65162F6FC300104D8A /* Frameworks */,
				2D757A66162F6FC300104D8A /* Resources */,
				2D757A67162F6FC300104D8A /* ShellScript */,
			);
			buildRules = (
			);
			dependencies = (
				2D757A6F162F6FC300104D8A /* PBXTargetDependency */,
			);
			name = CatchMeTests;
			productName = CatchMeTests;
			productReference = 2D757A69162F6FC300104D8A /* CatchMeTests.octest */;
			productType = "com.apple.product-type.bundle";
		};
/* End PBXNativeTarget section */

/* Begin PBXProject section */
		2D757A31162F6FC200104D8A /* Project object */ = {
			isa = PBXProject;
			attributes = {
				LastUpgradeCheck = 0450;
				ORGANIZATIONNAME = "Same Level Software";
			};
			buildConfigurationList = 2D757A34162F6FC200104D8A /* Build configuration list for PBXProject "CatchMe" */;
			compatibilityVersion = "Xcode 3.2";
			developmentRegion = English;
			hasScannedForEncodings = 0;
			knownRegions = (
				en,
			);
			mainGroup = 2D757A2F162F6FC200104D8A;
			productRefGroup = 2D757A3B162F6FC200104D8A /* Products */;
			projectDirPath = "";
			projectRoot = "";
			targets = (
				2D757A39162F6FC200104D8A /* CatchMe */,
				2D757A68162F6FC300104D8A /* CatchMeTests */,
			);
		};
/* End PBXProject section */

/* Begin PBXResourcesBuildPhase section */
		2D757A38162F6FC200104D8A /* Resources */ = {
			isa = PBXResourcesBuildPhase;
			buildActionMask = 2147483647;
			files = (
				2D757A49162F6FC200104D8A /* InfoPlist.strings in Resources */,
				2D757A56162F6FC200104D8A /* first@2x.png in Resources */,
				2D757A5D162F6FC200104D8A /* second@2x.png in Resources */,
				1FCE2C0B16335EDD00605D7F /* AudioSettingsViewController.xib in Resources */,
				1A69D06A163399B600EF576B /* Storyboard.storyboard in Resources */,
				EAB060381634980100CFD930 /* SettingsViewController.xib in Resources */,
				EAB0603B1634981300CFD930 /* MainMenuViewController.xib in Resources */,
				2D8E43551634A5B300D008B2 /* ContactsViewController.xib in Resources */,
				E110067D1635051D00FF6158 /* Default-568h@2x.png in Resources */,
				32E96555164F5C1C005921FF /* image copy.png in Resources */,
				32E96557164F5C1F005921FF /* image.png in Resources */,
				32E96564164F6745005921FF /* second.png in Resources */,
				32E9656A164F6DCD005921FF /* first.png in Resources */,
				1A67CF6A16505BA50031B6E2 /* bell-ringing.mp3 in Resources */,
				1F61BDB01650A79900099AEC /* default-audio-alert.mp3 in Resources */,
				1F61BDB21650A83A00099AEC /* saved-audio-alert.mp3 in Resources */,
				1F4E138D1658842A0086A470 /* bell-ringing.caf in Resources */,
				1F4E138E1658842A0086A470 /* default-audio-alert.caf in Resources */,
				1F4E138F1658842A0086A470 /* saved-audio-alert.caf in Resources */,
				1FFB314C16597F2F002D22A1 /* recorded-audio-alert.caf in Resources */,
			);
			runOnlyForDeploymentPostprocessing = 0;
		};
		2D757A66162F6FC300104D8A /* Resources */ = {
			isa = PBXResourcesBuildPhase;
			buildActionMask = 2147483647;
			files = (
				2D757A75162F6FC300104D8A /* InfoPlist.strings in Resources */,
			);
			runOnlyForDeploymentPostprocessing = 0;
		};
/* End PBXResourcesBuildPhase section */

/* Begin PBXShellScriptBuildPhase section */
		2D757A67162F6FC300104D8A /* ShellScript */ = {
			isa = PBXShellScriptBuildPhase;
			buildActionMask = 2147483647;
			files = (
			);
			inputPaths = (
			);
			outputPaths = (
			);
			runOnlyForDeploymentPostprocessing = 0;
			shellPath = /bin/sh;
			shellScript = "# Run the unit tests in this test bundle.\n\"${SYSTEM_DEVELOPER_DIR}/Tools/RunUnitTests\"\n";
		};
/* End PBXShellScriptBuildPhase section */

/* Begin PBXSourcesBuildPhase section */
		2D757A36162F6FC200104D8A /* Sources */ = {
			isa = PBXSourcesBuildPhase;
			buildActionMask = 2147483647;
			files = (
				2D757A4B162F6FC200104D8A /* main.m in Sources */,
				2D757A4F162F6FC200104D8A /* AppDelegate.m in Sources */,
				2D757A52162F6FC200104D8A /* MainMenuViewController.m in Sources */,
				1FCE2C0F163366F100605D7F /* AudioSettingsViewController.m in Sources */,
				2DFD4B3716337EA100396892 /* SettingsViewController.m in Sources */,
				2D8E43591634A61A00D008B2 /* ContactsViewController.m in Sources */,
				2D27A3311634DBEC0098F6C9 /* DBConnection.m in Sources */,
				1FB9AE3E164EE0FB0084D2E6 /* PersonalInfoViewController.m in Sources */,
				1FF8F501164F0B6600C76124 /* MedicalInfoViewController.m in Sources */,
				1FF8F505164F117300C76124 /* TPKeyboardAvoidingScrollView.m in Sources */,
				1F7DCE99164F3F5000441396 /* MedicalConditionsViewController.m in Sources */,
				1F61BDA61650515A00099AEC /* AlertSettingsViewController.m in Sources */,
				1F61BDA91650519900099AEC /* MessageSettingsViewController.m in Sources */,
				2D8609F51658678B0040A9DA /* FallDetector.m in Sources */,
				3288663A165983520029696D /* ContactsListViewController.m in Sources */,
				3288663E165984440029696D /* Contact.m in Sources */,
				32886641165985D20029696D /* ContactsDataController.m in Sources */,
			);
			runOnlyForDeploymentPostprocessing = 0;
		};
		2D757A64162F6FC300104D8A /* Sources */ = {
			isa = PBXSourcesBuildPhase;
			buildActionMask = 2147483647;
			files = (
				2D757A78162F6FC300104D8A /* CatchMeTests.m in Sources */,
			);
			runOnlyForDeploymentPostprocessing = 0;
		};
/* End PBXSourcesBuildPhase section */

/* Begin PBXTargetDependency section */
		2D757A6F162F6FC300104D8A /* PBXTargetDependency */ = {
			isa = PBXTargetDependency;
			target = 2D757A39162F6FC200104D8A /* CatchMe */;
			targetProxy = 2D757A6E162F6FC300104D8A /* PBXContainerItemProxy */;
		};
/* End PBXTargetDependency section */

/* Begin PBXVariantGroup section */
		2D757A47162F6FC200104D8A /* InfoPlist.strings */ = {
			isa = PBXVariantGroup;
			children = (
				2D757A48162F6FC200104D8A /* en */,
			);
			name = InfoPlist.strings;
			sourceTree = "<group>";
		};
		2D757A73162F6FC300104D8A /* InfoPlist.strings */ = {
			isa = PBXVariantGroup;
			children = (
				2D757A74162F6FC300104D8A /* en */,
			);
			name = InfoPlist.strings;
			sourceTree = "<group>";
		};
/* End PBXVariantGroup section */

/* Begin XCBuildConfiguration section */
		2D757A79162F6FC300104D8A /* Debug */ = {
			isa = XCBuildConfiguration;
			buildSettings = {
				ALWAYS_SEARCH_USER_PATHS = NO;
				ARCHS = "$(ARCHS_STANDARD_32_BIT)";
				CLANG_CXX_LANGUAGE_STANDARD = "gnu++0x";
				CLANG_ENABLE_OBJC_ARC = YES;
				CLANG_WARN__DUPLICATE_METHOD_MATCH = YES;
				"CODE_SIGN_IDENTITY[sdk=iphoneos*]" = "iPhone Developer";
				COPY_PHASE_STRIP = NO;
				GCC_C_LANGUAGE_STANDARD = gnu99;
				GCC_DYNAMIC_NO_PIC = NO;
				GCC_OPTIMIZATION_LEVEL = 0;
				GCC_PREPROCESSOR_DEFINITIONS = (
					"DEBUG=1",
					"$(inherited)",
				);
				GCC_SYMBOLS_PRIVATE_EXTERN = NO;
				GCC_VERSION = com.apple.compilers.llvm.clang.1_0;
				GCC_WARN_ABOUT_RETURN_TYPE = YES;
				GCC_WARN_UNINITIALIZED_AUTOS = YES;
				GCC_WARN_UNUSED_VARIABLE = YES;
				IPHONEOS_DEPLOYMENT_TARGET = 5.1;
				SDKROOT = iphoneos;
			};
			name = Debug;
		};
		2D757A7A162F6FC300104D8A /* Release */ = {
			isa = XCBuildConfiguration;
			buildSettings = {
				ALWAYS_SEARCH_USER_PATHS = NO;
				ARCHS = "$(ARCHS_STANDARD_32_BIT)";
				CLANG_CXX_LANGUAGE_STANDARD = "gnu++0x";
				CLANG_ENABLE_OBJC_ARC = YES;
				CLANG_WARN__DUPLICATE_METHOD_MATCH = YES;
				"CODE_SIGN_IDENTITY[sdk=iphoneos*]" = "iPhone Developer";
				COPY_PHASE_STRIP = YES;
				GCC_C_LANGUAGE_STANDARD = gnu99;
				GCC_VERSION = com.apple.compilers.llvm.clang.1_0;
				GCC_WARN_ABOUT_RETURN_TYPE = YES;
				GCC_WARN_UNINITIALIZED_AUTOS = YES;
				GCC_WARN_UNUSED_VARIABLE = YES;
				IPHONEOS_DEPLOYMENT_TARGET = 5.1;
				OTHER_CFLAGS = "-DNS_BLOCK_ASSERTIONS=1";
				SDKROOT = iphoneos;
				VALIDATE_PRODUCT = YES;
			};
			name = Release;
		};
		2D757A7C162F6FC300104D8A /* Debug */ = {
			isa = XCBuildConfiguration;
			buildSettings = {
				GCC_PRECOMPILE_PREFIX_HEADER = YES;
				GCC_PREFIX_HEADER = "CatchMe/CatchMe-Prefix.pch";
				INFOPLIST_FILE = "CatchMe/CatchMe-Info.plist";
				PRODUCT_NAME = "$(TARGET_NAME)";
				WRAPPER_EXTENSION = app;
			};
			name = Debug;
		};
		2D757A7D162F6FC300104D8A /* Release */ = {
			isa = XCBuildConfiguration;
			buildSettings = {
				GCC_PRECOMPILE_PREFIX_HEADER = YES;
				GCC_PREFIX_HEADER = "CatchMe/CatchMe-Prefix.pch";
				INFOPLIST_FILE = "CatchMe/CatchMe-Info.plist";
				PRODUCT_NAME = "$(TARGET_NAME)";
				WRAPPER_EXTENSION = app;
			};
			name = Release;
		};
		2D757A7F162F6FC300104D8A /* Debug */ = {
			isa = XCBuildConfiguration;
			buildSettings = {
				BUNDLE_LOADER = "$(BUILT_PRODUCTS_DIR)/CatchMe.app/CatchMe";
				FRAMEWORK_SEARCH_PATHS = (
					"\"$(SDKROOT)/Developer/Library/Frameworks\"",
					"\"$(DEVELOPER_LIBRARY_DIR)/Frameworks\"",
				);
				GCC_PRECOMPILE_PREFIX_HEADER = YES;
				GCC_PREFIX_HEADER = "CatchMe/CatchMe-Prefix.pch";
				INFOPLIST_FILE = "CatchMeTests/CatchMeTests-Info.plist";
				PRODUCT_NAME = "$(TARGET_NAME)";
				TEST_HOST = "$(BUNDLE_LOADER)";
				WRAPPER_EXTENSION = octest;
			};
			name = Debug;
		};
		2D757A80162F6FC300104D8A /* Release */ = {
			isa = XCBuildConfiguration;
			buildSettings = {
				BUNDLE_LOADER = "$(BUILT_PRODUCTS_DIR)/CatchMe.app/CatchMe";
				FRAMEWORK_SEARCH_PATHS = (
					"\"$(SDKROOT)/Developer/Library/Frameworks\"",
					"\"$(DEVELOPER_LIBRARY_DIR)/Frameworks\"",
				);
				GCC_PRECOMPILE_PREFIX_HEADER = YES;
				GCC_PREFIX_HEADER = "CatchMe/CatchMe-Prefix.pch";
				INFOPLIST_FILE = "CatchMeTests/CatchMeTests-Info.plist";
				PRODUCT_NAME = "$(TARGET_NAME)";
				TEST_HOST = "$(BUNDLE_LOADER)";
				WRAPPER_EXTENSION = octest;
			};
			name = Release;
		};
/* End XCBuildConfiguration section */

/* Begin XCConfigurationList section */
		2D757A34162F6FC200104D8A /* Build configuration list for PBXProject "CatchMe" */ = {
			isa = XCConfigurationList;
			buildConfigurations = (
				2D757A79162F6FC300104D8A /* Debug */,
				2D757A7A162F6FC300104D8A /* Release */,
			);
			defaultConfigurationIsVisible = 0;
			defaultConfigurationName = Release;
		};
		2D757A7B162F6FC300104D8A /* Build configuration list for PBXNativeTarget "CatchMe" */ = {
			isa = XCConfigurationList;
			buildConfigurations = (
				2D757A7C162F6FC300104D8A /* Debug */,
				2D757A7D162F6FC300104D8A /* Release */,
			);
			defaultConfigurationIsVisible = 0;
			defaultConfigurationName = Release;
		};
		2D757A7E162F6FC300104D8A /* Build configuration list for PBXNativeTarget "CatchMeTests" */ = {
			isa = XCConfigurationList;
			buildConfigurations = (
				2D757A7F162F6FC300104D8A /* Debug */,
				2D757A80162F6FC300104D8A /* Release */,
			);
			defaultConfigurationIsVisible = 0;
			defaultConfigurationName = Release;
		};
/* End XCConfigurationList section */
	};
	rootObject = 2D757A31162F6FC200104D8A /* Project object */;
}
